
Microsoft Visual Studio Solution File, Format Version 12.00
# Visual Studio Version 17
VisualStudioVersion = 17.3.32929.385
MinimumVisualStudioVersion = 10.0.40219.1
Project("{FAE04EC0-301F-11D3-BF4B-00C04F79EFBC}") = "CRUD", "CRUD\CRUD.csproj", "{E8C92265-D558-4B90-B0A8-D1D0D4185561}"
EndProject
Global
	GlobalSection(SolutionConfigurationPlatforms) = preSolution
		Debug|Any CPU = Debug|Any CPU
		Release|Any CPU = Release|Any CPU
	EndGlobalSection
	GlobalSection(ProjectConfigurationPlatforms) = postSolution
		{E8C92265-D558-4B90-B0A8-D1D0D4185561}.Debug|Any CPU.ActiveCfg = Debug|Any CPU
		{E8C92265-D558-4B90-B0A8-D1D0D4185561}.Debug|Any CPU.Build.0 = Debug|Any CPU
		{E8C92265-D558-4B90-B0A8-D1D0D4185561}.Release|Any CPU.ActiveCfg = Release|Any CPU
		{E8C92265-D558-4B90-B0A8-D1D0D4185561}.Release|Any CPU.Build.0 = Release|Any CPU
	EndGlobalSection
	GlobalSection(SolutionProperties) = preSolution
		HideSolutionNode = FALSE
	EndGlobalSection
	GlobalSection(ExtensibilityGlobals) = postSolution
		SolutionGuid = {07A830A8-15C7-4CA6-B9E7-C0C6811D6E77}
	EndGlobalSection
EndGlobal
